{
  "lockfileVersion": 1,
  "configVersion": 0,
  "workspaces": {
    "": {
      "name": "kit-tutorial",
      "dependencies": {
        "@codama/nodes": "^1.5.0",
        "@codama/nodes-from-anchor": "^1.3.8",
        "@codama/renderers": "^1.0.34",
        "@solana/kit": "^5.1.0",
        "bs58": "^6.0.0",
        "ts-node": "^10.9.2",
        "tsx": "^4.21.0",
      },
      "devDependencies": {
        "@types/node": "^25.0.3",
      },
    },
  },
  "packages": {
    "@codama/errors": ["@codama/errors@1.5.0", "", { "dependencies": { "@codama/node-types": "1.5.0", "commander": "^14.0.2", "picocolors": "^1.1.1" }, "bin": { "errors": "bin/cli.cjs" } }, "sha512-i4cS+S7JaZXhofQHFY3cwzt8rqxUVPNaeJND5VOyKUbtcOi933YXJXk52gDG4mc+CpGqHJijsJjfSpr1lJGxzg=="],

    "@codama/node-types": ["@codama/node-types@1.5.0", "", {}, "sha512-Ebz2vOUukmNaFXWdkni1ZihXkAIUnPYtqIMXYxKXOxjMP+TGz2q0lGtRo7sqw1pc2ksFBIkfBp5pZsl5p6gwXA=="],

    "@codama/nodes": ["@codama/nodes@1.5.0", "", { "dependencies": { "@codama/errors": "1.5.0", "@codama/node-types": "1.5.0" } }, "sha512-yg+xmorWiMNjS3n19CGIt/FZ/ZCuDIu+HEY45bq6gHu1MN3RtJZY+Q3v0ErnBPA60D8mNWkvkKoeSZXfzcAvfw=="],

    "@codama/nodes-from-anchor": ["@codama/nodes-from-anchor@1.3.8", "", { "dependencies": { "@codama/errors": "1.5.0", "@codama/nodes": "1.5.0", "@codama/visitors": "1.5.0", "@noble/hashes": "^2.0.1", "@solana/codecs": "^5.1.0" } }, "sha512-+nGg7YcXbuqrKDFh/8KBRtR3PcR7bJr4w4jy9pNogHpM5CsDcTEa+fiPRHcYh3CgbaX86DgTfvkEw2dmgf+qzg=="],

    "@codama/renderers": ["@codama/renderers@1.0.34", "", { "dependencies": { "@codama/renderers-js": "1.4.1", "@codama/renderers-js-umi": "1.1.22", "@codama/renderers-rust": "1.2.5" } }, "sha512-sYI6/cRS6C99SS/8zb7oUsdQbcyLxhBS3drk2wBU023UJhXYQobYSaxwaqGZZf+20kzVAKERFa3hglfWXx4MmQ=="],

    "@codama/renderers-core": ["@codama/renderers-core@1.2.1", "", { "dependencies": { "@codama/errors": "1.3.6", "@codama/nodes": "1.3.6", "@codama/visitors-core": "1.3.6" } }, "sha512-L7qAQvgTLmgzBKZYLO9XZKCvdT5vAEConzzCEy6n/CW4n48bxJDMTb+J6deaId//CpHOCPpxsSSoEjcxCOvqjA=="],

    "@codama/renderers-js": ["@codama/renderers-js@1.4.1", "", { "dependencies": { "@codama/errors": "1.3.6", "@codama/nodes": "1.3.6", "@codama/renderers-core": "1.2.1", "@codama/visitors-core": "1.3.6", "@solana/codecs-strings": "^3.0.3", "prettier": "^3.6.2" } }, "sha512-/yRd7u6GNdmJ7gaB3RQGg7Z3Jn9UaVn5m7LDvC465wXWUPIWw9h4y3JUW4gycJAhMYohGKoi7/E9moC05lXqzg=="],

    "@codama/renderers-js-umi": ["@codama/renderers-js-umi@1.1.22", "", { "dependencies": { "@codama/errors": "1.3.6", "@codama/nodes": "1.3.6", "@codama/renderers-core": "1.2.1", "@codama/validators": "1.3.6", "@codama/visitors-core": "1.3.6", "@solana/codecs-strings": "^3.0.3", "nunjucks": "^3.2.4", "prettier": "^3.6.2" } }, "sha512-Ur/A/meVvMvUzb9zl1yZXLilAC+a/L5ezEEZVyyC2ahd8e34YgJPmB9YM2P51jPrcm+6oAcizA4/q0Fhd+yN/Q=="],

    "@codama/renderers-rust": ["@codama/renderers-rust@1.2.5", "", { "dependencies": { "@codama/errors": "1.3.6", "@codama/nodes": "1.3.6", "@codama/renderers-core": "1.2.1", "@codama/visitors-core": "1.3.6", "@solana/codecs-strings": "^3.0.3", "nunjucks": "^3.2.4" } }, "sha512-tCsGpi98+JLvgIcAjorP/edFqeWUyCEpoVOAQZvfIl/yTzS5JpYd0UyzEq9Z3MpvEoG3d8o2jJx6C1NyXi+MzQ=="],

    "@codama/validators": ["@codama/validators@1.3.6", "", { "dependencies": { "@codama/errors": "1.3.6", "@codama/nodes": "1.3.6", "@codama/visitors-core": "1.3.6" } }, "sha512-14VcLfo8bHERxKRsnKR8m3fVWSgoDM8v7M8wrgO0bEXElTOwMFGSyL5wbs4RqWQ/LFO7uB/IGSZo//jkOUvT9A=="],

    "@codama/visitors": ["@codama/visitors@1.5.0", "", { "dependencies": { "@codama/errors": "1.5.0", "@codama/nodes": "1.5.0", "@codama/visitors-core": "1.5.0" } }, "sha512-SwtQaleXxAaFz6uHygxki621q4nPUDQlnwEhsg+QKOjHpKWXjLYdJof+R8gUiTV/n7/IeNnjvxJTTNfUsvETPQ=="],

    "@codama/visitors-core": ["@codama/visitors-core@1.5.0", "", { "dependencies": { "@codama/errors": "1.5.0", "@codama/nodes": "1.5.0", "json-stable-stringify": "^1.3.0" } }, "sha512-3PIAlBX0a06hIxzyPtQMfQcqWGFBgfbwysSwcXBbvHUYbemwhD6xwlBKJuqTwm9DyFj3faStp5fpvcp03Rjxtw=="],

    "@cspotcode/source-map-support": ["@cspotcode/source-map-support@0.8.1", "", { "dependencies": { "@jridgewell/trace-mapping": "0.3.9" } }, "sha512-IchNf6dN4tHoMFIn/7OE8LWZ19Y6q/67Bmf6vnGREv8RSbBVb9LPJxEcnwrcwX6ixSvaiGoomAUvu4YSxXrVgw=="],

    "@esbuild/aix-ppc64": ["@esbuild/aix-ppc64@0.27.1", "", { "os": "aix", "cpu": "ppc64" }, "sha512-HHB50pdsBX6k47S4u5g/CaLjqS3qwaOVE5ILsq64jyzgMhLuCuZ8rGzM9yhsAjfjkbgUPMzZEPa7DAp7yz6vuA=="],

    "@esbuild/android-arm": ["@esbuild/android-arm@0.27.1", "", { "os": "android", "cpu": "arm" }, "sha512-kFqa6/UcaTbGm/NncN9kzVOODjhZW8e+FRdSeypWe6j33gzclHtwlANs26JrupOntlcWmB0u8+8HZo8s7thHvg=="],

    "@esbuild/android-arm64": ["@esbuild/android-arm64@0.27.1", "", { "os": "android", "cpu": "arm64" }, "sha512-45fuKmAJpxnQWixOGCrS+ro4Uvb4Re9+UTieUY2f8AEc+t7d4AaZ6eUJ3Hva7dtrxAAWHtlEFsXFMAgNnGU9uQ=="],

    "@esbuild/android-x64": ["@esbuild/android-x64@0.27.1", "", { "os": "android", "cpu": "x64" }, "sha512-LBEpOz0BsgMEeHgenf5aqmn/lLNTFXVfoWMUox8CtWWYK9X4jmQzWjoGoNb8lmAYml/tQ/Ysvm8q7szu7BoxRQ=="],

    "@esbuild/darwin-arm64": ["@esbuild/darwin-arm64@0.27.1", "", { "os": "darwin", "cpu": "arm64" }, "sha512-veg7fL8eMSCVKL7IW4pxb54QERtedFDfY/ASrumK/SbFsXnRazxY4YykN/THYqFnFwJ0aVjiUrVG2PwcdAEqQQ=="],

    "@esbuild/darwin-x64": ["@esbuild/darwin-x64@0.27.1", "", { "os": "darwin", "cpu": "x64" }, "sha512-+3ELd+nTzhfWb07Vol7EZ+5PTbJ/u74nC6iv4/lwIU99Ip5uuY6QoIf0Hn4m2HoV0qcnRivN3KSqc+FyCHjoVQ=="],

    "@esbuild/freebsd-arm64": ["@esbuild/freebsd-arm64@0.27.1", "", { "os": "freebsd", "cpu": "arm64" }, "sha512-/8Rfgns4XD9XOSXlzUDepG8PX+AVWHliYlUkFI3K3GB6tqbdjYqdhcb4BKRd7C0BhZSoaCxhv8kTcBrcZWP+xg=="],

    "@esbuild/freebsd-x64": ["@esbuild/freebsd-x64@0.27.1", "", { "os": "freebsd", "cpu": "x64" }, "sha512-GITpD8dK9C+r+5yRT/UKVT36h/DQLOHdwGVwwoHidlnA168oD3uxA878XloXebK4Ul3gDBBIvEdL7go9gCUFzQ=="],

    "@esbuild/linux-arm": ["@esbuild/linux-arm@0.27.1", "", { "os": "linux", "cpu": "arm" }, "sha512-ieMID0JRZY/ZeCrsFQ3Y3NlHNCqIhTprJfDgSB3/lv5jJZ8FX3hqPyXWhe+gvS5ARMBJ242PM+VNz/ctNj//eA=="],

    "@esbuild/linux-arm64": ["@esbuild/linux-arm64@0.27.1", "", { "os": "linux", "cpu": "arm64" }, "sha512-W9//kCrh/6in9rWIBdKaMtuTTzNj6jSeG/haWBADqLLa9P8O5YSRDzgD5y9QBok4AYlzS6ARHifAb75V6G670Q=="],

    "@esbuild/linux-ia32": ["@esbuild/linux-ia32@0.27.1", "", { "os": "linux", "cpu": "ia32" }, "sha512-VIUV4z8GD8rtSVMfAj1aXFahsi/+tcoXXNYmXgzISL+KB381vbSTNdeZHHHIYqFyXcoEhu9n5cT+05tRv13rlw=="],

    "@esbuild/linux-loong64": ["@esbuild/linux-loong64@0.27.1", "", { "os": "linux", "cpu": "none" }, "sha512-l4rfiiJRN7sTNI//ff65zJ9z8U+k6zcCg0LALU5iEWzY+a1mVZ8iWC1k5EsNKThZ7XCQ6YWtsZ8EWYm7r1UEsg=="],

    "@esbuild/linux-mips64el": ["@esbuild/linux-mips64el@0.27.1", "", { "os": "linux", "cpu": "none" }, "sha512-U0bEuAOLvO/DWFdygTHWY8C067FXz+UbzKgxYhXC0fDieFa0kDIra1FAhsAARRJbvEyso8aAqvPdNxzWuStBnA=="],

    "@esbuild/linux-ppc64": ["@esbuild/linux-ppc64@0.27.1", "", { "os": "linux", "cpu": "ppc64" }, "sha512-NzdQ/Xwu6vPSf/GkdmRNsOfIeSGnh7muundsWItmBsVpMoNPVpM61qNzAVY3pZ1glzzAxLR40UyYM23eaDDbYQ=="],

    "@esbuild/linux-riscv64": ["@esbuild/linux-riscv64@0.27.1", "", { "os": "linux", "cpu": "none" }, "sha512-7zlw8p3IApcsN7mFw0O1Z1PyEk6PlKMu18roImfl3iQHTnr/yAfYv6s4hXPidbDoI2Q0pW+5xeoM4eTCC0UdrQ=="],

    "@esbuild/linux-s390x": ["@esbuild/linux-s390x@0.27.1", "", { "os": "linux", "cpu": "s390x" }, "sha512-cGj5wli+G+nkVQdZo3+7FDKC25Uh4ZVwOAK6A06Hsvgr8WqBBuOy/1s+PUEd/6Je+vjfm6stX0kmib5b/O2Ykw=="],

    "@esbuild/linux-x64": ["@esbuild/linux-x64@0.27.1", "", { "os": "linux", "cpu": "x64" }, "sha512-z3H/HYI9MM0HTv3hQZ81f+AKb+yEoCRlUby1F80vbQ5XdzEMyY/9iNlAmhqiBKw4MJXwfgsh7ERGEOhrM1niMA=="],

    "@esbuild/netbsd-arm64": ["@esbuild/netbsd-arm64@0.27.1", "", { "os": "none", "cpu": "arm64" }, "sha512-wzC24DxAvk8Em01YmVXyjl96Mr+ecTPyOuADAvjGg+fyBpGmxmcr2E5ttf7Im8D0sXZihpxzO1isus8MdjMCXQ=="],

    "@esbuild/netbsd-x64": ["@esbuild/netbsd-x64@0.27.1", "", { "os": "none", "cpu": "x64" }, "sha512-1YQ8ybGi2yIXswu6eNzJsrYIGFpnlzEWRl6iR5gMgmsrR0FcNoV1m9k9sc3PuP5rUBLshOZylc9nqSgymI+TYg=="],

    "@esbuild/openbsd-arm64": ["@esbuild/openbsd-arm64@0.27.1", "", { "os": "openbsd", "cpu": "arm64" }, "sha512-5Z+DzLCrq5wmU7RDaMDe2DVXMRm2tTDvX2KU14JJVBN2CT/qov7XVix85QoJqHltpvAOZUAc3ndU56HSMWrv8g=="],

    "@esbuild/openbsd-x64": ["@esbuild/openbsd-x64@0.27.1", "", { "os": "openbsd", "cpu": "x64" }, "sha512-Q73ENzIdPF5jap4wqLtsfh8YbYSZ8Q0wnxplOlZUOyZy7B4ZKW8DXGWgTCZmF8VWD7Tciwv5F4NsRf6vYlZtqg=="],

    "@esbuild/openharmony-arm64": ["@esbuild/openharmony-arm64@0.27.1", "", { "os": "none", "cpu": "arm64" }, "sha512-ajbHrGM/XiK+sXM0JzEbJAen+0E+JMQZ2l4RR4VFwvV9JEERx+oxtgkpoKv1SevhjavK2z2ReHk32pjzktWbGg=="],

    "@esbuild/sunos-x64": ["@esbuild/sunos-x64@0.27.1", "", { "os": "sunos", "cpu": "x64" }, "sha512-IPUW+y4VIjuDVn+OMzHc5FV4GubIwPnsz6ubkvN8cuhEqH81NovB53IUlrlBkPMEPxvNnf79MGBoz8rZ2iW8HA=="],

    "@esbuild/win32-arm64": ["@esbuild/win32-arm64@0.27.1", "", { "os": "win32", "cpu": "arm64" }, "sha512-RIVRWiljWA6CdVu8zkWcRmGP7iRRIIwvhDKem8UMBjPql2TXM5PkDVvvrzMtj1V+WFPB4K7zkIGM7VzRtFkjdg=="],

    "@esbuild/win32-ia32": ["@esbuild/win32-ia32@0.27.1", "", { "os": "win32", "cpu": "ia32" }, "sha512-2BR5M8CPbptC1AK5JbJT1fWrHLvejwZidKx3UMSF0ecHMa+smhi16drIrCEggkgviBwLYd5nwrFLSl5Kho96RQ=="],

    "@esbuild/win32-x64": ["@esbuild/win32-x64@0.27.1", "", { "os": "win32", "cpu": "x64" }, "sha512-d5X6RMYv6taIymSk8JBP+nxv8DQAMY6A51GPgusqLdK9wBz5wWIXy1KjTck6HnjE9hqJzJRdk+1p/t5soSbCtw=="],

    "@jridgewell/resolve-uri": ["@jridgewell/resolve-uri@3.1.2", "", {}, "sha512-bRISgCIjP20/tbWSPWMEi54QVPRZExkuD9lJL+UIxUKtwVJA8wW1Trb1jMs1RFXo1CBTNZ/5hpC9QvmKWdopKw=="],

    "@jridgewell/sourcemap-codec": ["@jridgewell/sourcemap-codec@1.5.5", "", {}, "sha512-cYQ9310grqxueWbl+WuIUIaiUaDcj7WOq5fVhEljNVgRfOUhY9fy2zTvfoqWsnebh8Sl70VScFbICvJnLKB0Og=="],

    "@jridgewell/trace-mapping": ["@jridgewell/trace-mapping@0.3.9", "", { "dependencies": { "@jridgewell/resolve-uri": "^3.0.3", "@jridgewell/sourcemap-codec": "^1.4.10" } }, "sha512-3Belt6tdc8bPgAtbcmdtNJlirVoTmEb5e2gC94PnkwEW9jI6CAHUeoG85tjWP5WquqfavoMtMwiG4P926ZKKuQ=="],

    "@noble/hashes": ["@noble/hashes@2.0.1", "", {}, "sha512-XlOlEbQcE9fmuXxrVTXCTlG2nlRXa9Rj3rr5Ue/+tX+nmkgbX720YHh0VR3hBF9xDvwnb8D2shVGOwNx+ulArw=="],

    "@solana/accounts": ["@solana/accounts@5.1.0", "", { "dependencies": { "@solana/addresses": "5.1.0", "@solana/codecs-core": "5.1.0", "@solana/codecs-strings": "5.1.0", "@solana/errors": "5.1.0", "@solana/rpc-spec": "5.1.0", "@solana/rpc-types": "5.1.0" }, "peerDependencies": { "typescript": ">=5.3.3" } }, "sha512-Q1KzykCrl/YjLUH2RXF8vPq65U/ehAV2SHZicPbZ0jvgQUU6X1+Eca+0ilxA9xH8srYn3YTVDyEs/LYdfbY/2A=="],

    "@solana/addresses": ["@solana/addresses@5.1.0", "", { "dependencies": { "@solana/assertions": "5.1.0", "@solana/codecs-core": "5.1.0", "@solana/codecs-strings": "5.1.0", "@solana/errors": "5.1.0", "@solana/nominal-types": "5.1.0" }, "peerDependencies": { "typescript": ">=5.3.3" } }, "sha512-X84qSZLgve9YeYsyxGI49WnfEre53tdFu4x9/4oULBgoj8d0A+P9VGLYzmRJ0YFYKRcZG7U4u3MQpI5uLZ1AsQ=="],

    "@solana/assertions": ["@solana/assertions@5.1.0", "", { "dependencies": { "@solana/errors": "5.1.0" }, "peerDependencies": { "typescript": ">=5.3.3" } }, "sha512-5But2wyxuvGXMIOnD0jBMQ9yq1QQF2LSK3IbIRSkAkXbD3DS6O2tRvKUHNhogd+BpkPyCGOQHBycezgnxmStlg=="],

    "@solana/codecs": ["@solana/codecs@5.1.0", "", { "dependencies": { "@solana/codecs-core": "5.1.0", "@solana/codecs-data-structures": "5.1.0", "@solana/codecs-numbers": "5.1.0", "@solana/codecs-strings": "5.1.0", "@solana/options": "5.1.0" }, "peerDependencies": { "typescript": ">=5.3.3" } }, "sha512-krSuf/E2Sa/4oASZ/jb/5KGUG58m1/bQdLrKvBnoAFhYj7zZf+8V4UqHGTV5n2NCQfmMyORsg9n2saKjkUzo8w=="],

    "@solana/codecs-core": ["@solana/codecs-core@5.1.0", "", { "dependencies": { "@solana/errors": "5.1.0" }, "peerDependencies": { "typescript": ">=5.3.3" } }, "sha512-vDwi03mxWeWCS5Il6BCdNdifYdOoHVz97YOmbWGIt45b77Ivu5NUYeSD2+ccl6fSw8eYQ6QaqqKXMjbSfsXv4g=="],

    "@solana/codecs-data-structures": ["@solana/codecs-data-structures@5.1.0", "", { "dependencies": { "@solana/codecs-core": "5.1.0", "@solana/codecs-numbers": "5.1.0", "@solana/errors": "5.1.0" }, "peerDependencies": { "typescript": ">=5.3.3" } }, "sha512-ftAwL/jsurFrk9kFVhkTLdQ8fGZ8I0PcbVH+V1a0dIP2aKDofGePvK0XbwZE/ohizC9gEIZxyBX5IgRKk5PXyg=="],

    "@solana/codecs-numbers": ["@solana/codecs-numbers@5.1.0", "", { "dependencies": { "@solana/codecs-core": "5.1.0", "@solana/errors": "5.1.0" }, "peerDependencies": { "typescript": ">=5.3.3" } }, "sha512-Ea5/9yjDNOrDZcI40UGzzi6Aq1JNsmzM4m5pOk6Xb3JRZ0YdKOv/MwuCqb6jRgzZ7SQjHhkfGL43kHLJA++bOw=="],

    "@solana/codecs-strings": ["@solana/codecs-strings@5.1.0", "", { "dependencies": { "@solana/codecs-core": "5.1.0", "@solana/codecs-numbers": "5.1.0", "@solana/errors": "5.1.0" }, "peerDependencies": { "fastestsmallesttextencoderdecoder": "^1.0.22", "typescript": ">=5.3.3" }, "optionalPeers": ["fastestsmallesttextencoderdecoder"] }, "sha512-014xwl5T/3VnGW0gceizF47DUs5EURRtgGmbWIR5+Z32yxgQ6hT9Zl0atZbL268RHbUQ03/J8Ush1StQgy7sfQ=="],

    "@solana/errors": ["@solana/errors@5.1.0", "", { "dependencies": { "chalk": "5.6.2", "commander": "14.0.2" }, "peerDependencies": { "typescript": ">=5.3.3" }, "bin": { "errors": "bin/cli.mjs" } }, "sha512-JlTyekErWa6Fdcwu1Hrh+jZxjM4YxyorGCFDRVZlmHZFkp5N00DWKcYnSGZrTF8E6ZZEP9pfS2XwM8y7p7HPww=="],

    "@solana/fast-stable-stringify": ["@solana/fast-stable-stringify@5.1.0", "", { "peerDependencies": { "typescript": ">=5.3.3" } }, "sha512-ACZo7cH/5EXsBmruw/0gU2/PXL2l4aET0YpL93H6QEaZwEAICFD8cLkj20nBcfLTf4srEiuKtwuSDeONTWIulw=="],

    "@solana/functional": ["@solana/functional@5.1.0", "", { "peerDependencies": { "typescript": ">=5.3.3" } }, "sha512-R6jacWU0Gr+j49lTDp+FSECBolqw2Gq7JlC22rI0JkcxJiiAlp3G80v6zAYq0FkHzxZbjyR6//JYUXSwliem5g=="],

    "@solana/instruction-plans": ["@solana/instruction-plans@5.1.0", "", { "dependencies": { "@solana/errors": "5.1.0", "@solana/instructions": "5.1.0", "@solana/keys": "5.1.0", "@solana/promises": "5.1.0", "@solana/transaction-messages": "5.1.0", "@solana/transactions": "5.1.0" }, "peerDependencies": { "typescript": ">=5.3.3" } }, "sha512-friMgHt0z5jQlCyyTDXfwAMYjCAagI7QYR+hLWB/BmvSuRpai0ddToWbWJoqrNRM312xZ+Oy/qjC3+Ftzi0DLA=="],

    "@solana/instructions": ["@solana/instructions@5.1.0", "", { "dependencies": { "@solana/codecs-core": "5.1.0", "@solana/errors": "5.1.0" }, "peerDependencies": { "typescript": ">=5.3.3" } }, "sha512-fkwpUwwqk5K14T/kZDnCrfeR0kww49HBx+BK8xdSeJx+bt4QTwAHa9YeOkGhGrHEFVEJEUf8FKoxxTzZzJZtKQ=="],

    "@solana/keys": ["@solana/keys@5.1.0", "", { "dependencies": { "@solana/assertions": "5.1.0", "@solana/codecs-core": "5.1.0", "@solana/codecs-strings": "5.1.0", "@solana/errors": "5.1.0", "@solana/nominal-types": "5.1.0" }, "peerDependencies": { "typescript": ">=5.3.3" } }, "sha512-ma4zTTuSOmtTCvATHMfUGNTw0Vqah/6XPe1VmLc66ohwXMI3yqatX1FQPXgDZozr15SvLAesfs7/bgl2TRoe9w=="],

    "@solana/kit": ["@solana/kit@5.1.0", "", { "dependencies": { "@solana/accounts": "5.1.0", "@solana/addresses": "5.1.0", "@solana/codecs": "5.1.0", "@solana/errors": "5.1.0", "@solana/functional": "5.1.0", "@solana/instruction-plans": "5.1.0", "@solana/instructions": "5.1.0", "@solana/keys": "5.1.0", "@solana/offchain-messages": "5.1.0", "@solana/programs": "5.1.0", "@solana/rpc": "5.1.0", "@solana/rpc-parsed-types": "5.1.0", "@solana/rpc-spec-types": "5.1.0", "@solana/rpc-subscriptions": "5.1.0", "@solana/rpc-types": "5.1.0", "@solana/signers": "5.1.0", "@solana/sysvars": "5.1.0", "@solana/transaction-confirmation": "5.1.0", "@solana/transaction-messages": "5.1.0", "@solana/transactions": "5.1.0" }, "peerDependencies": { "typescript": ">=5.3.3" } }, "sha512-oNQRzI0+mGWmXy05psO0J7r9Boy8PF7LH5H0Y9Jxvs10AbG4oSOBtyj20EccsRrr+jkqLw42fqb/4rNuASfvsA=="],

    "@solana/nominal-types": ["@solana/nominal-types@5.1.0", "", { "peerDependencies": { "typescript": ">=5.3.3" } }, "sha512-+4Cm+SpK+D811i9giqv4Up93ZlmUcZfLDHkSH24F4in61+Y2TKA+XKuRtKhNytQMmqCfbvJZ9MHFaIeZw5g+Bg=="],

    "@solana/offchain-messages": ["@solana/offchain-messages@5.1.0", "", { "dependencies": { "@solana/addresses": "5.1.0", "@solana/codecs-core": "5.1.0", "@solana/codecs-data-structures": "5.1.0", "@solana/codecs-numbers": "5.1.0", "@solana/codecs-strings": "5.1.0", "@solana/errors": "5.1.0", "@solana/keys": "5.1.0", "@solana/nominal-types": "5.1.0" }, "peerDependencies": { "typescript": ">=5.3.3" } }, "sha512-6FUXjiIJprjWa7y/T4E3rUb3HKi3P5zpBweBEwDflEEJ/QlieWUw7xlGAOvZ1eF3Wi+6LfcrdtZOwIkuv6o9Sg=="],

    "@solana/options": ["@solana/options@5.1.0", "", { "dependencies": { "@solana/codecs-core": "5.1.0", "@solana/codecs-data-structures": "5.1.0", "@solana/codecs-numbers": "5.1.0", "@solana/codecs-strings": "5.1.0", "@solana/errors": "5.1.0" }, "peerDependencies": { "typescript": ">=5.3.3" } }, "sha512-PqgfALd0yhK+QFaYIbRFTV6hBpiy5xwdu07zSw1RLoNvt1sg+MRsRFDk9R8ZdEdiM69PY/cKiClVSjpNzLLcJg=="],

    "@solana/programs": ["@solana/programs@5.1.0", "", { "dependencies": { "@solana/addresses": "5.1.0", "@solana/errors": "5.1.0" }, "peerDependencies": { "typescript": ">=5.3.3" } }, "sha512-zAghXyRGixWNcarShlrnpjMD2115BZTF9JMLIcgkCYDOwjDPFIB/Y0hwDCH87N5uSjzlgkDpxKEL4ILewoZTRQ=="],

    "@solana/promises": ["@solana/promises@5.1.0", "", { "peerDependencies": { "typescript": ">=5.3.3" } }, "sha512-LU9wwS1PvGc/It610dclfq+JCuUEZSIWjvaF0+sqMP7QCk12Uz7MK2m9TtvLcjTvvKTIrucglRZP6qKroWRqGg=="],

    "@solana/rpc": ["@solana/rpc@5.1.0", "", { "dependencies": { "@solana/errors": "5.1.0", "@solana/fast-stable-stringify": "5.1.0", "@solana/functional": "5.1.0", "@solana/rpc-api": "5.1.0", "@solana/rpc-spec": "5.1.0", "@solana/rpc-spec-types": "5.1.0", "@solana/rpc-transformers": "5.1.0", "@solana/rpc-transport-http": "5.1.0", "@solana/rpc-types": "5.1.0" }, "peerDependencies": { "typescript": ">=5.3.3" } }, "sha512-j+ByLxFCoHWw9TnsGzkAVMFUfBDIUE53nIosJAYEsERpImD2mjwc33uDE6YXLKoaKRoYO4tc7IUzkKY1fQp/CA=="],

    "@solana/rpc-api": ["@solana/rpc-api@5.1.0", "", { "dependencies": { "@solana/addresses": "5.1.0", "@solana/codecs-core": "5.1.0", "@solana/codecs-strings": "5.1.0", "@solana/errors": "5.1.0", "@solana/keys": "5.1.0", "@solana/rpc-parsed-types": "5.1.0", "@solana/rpc-spec": "5.1.0", "@solana/rpc-transformers": "5.1.0", "@solana/rpc-types": "5.1.0", "@solana/transaction-messages": "5.1.0", "@solana/transactions": "5.1.0" }, "peerDependencies": { "typescript": ">=5.3.3" } }, "sha512-eI1tY0i3gmih1C65gFECYbfPRpHEYqFp+9IKjpknZtYpQIe9BqBKSpfYpGiCAbKdN/TMadBNPOzdK15ewhkkvQ=="],

    "@solana/rpc-parsed-types": ["@solana/rpc-parsed-types@5.1.0", "", { "peerDependencies": { "typescript": ">=5.3.3" } }, "sha512-ZJoXHNItALMNa1zmGrNnIh96RBlc9GpIqoaZkdE14mAQ7gWe7Oc0ejYavUeSCmcL0wZcvIFh50AsfVxrHr4+2Q=="],

    "@solana/rpc-spec": ["@solana/rpc-spec@5.1.0", "", { "dependencies": { "@solana/errors": "5.1.0", "@solana/rpc-spec-types": "5.1.0" }, "peerDependencies": { "typescript": ">=5.3.3" } }, "sha512-y8B6fUWA1EBKXUsNo6b9EiFcQPsaJREPLlcIDbo4b6TucQNwvl7FHfpf1VHJL64SkI/WE69i2WEkiOJYjmLO0A=="],

    "@solana/rpc-spec-types": ["@solana/rpc-spec-types@5.1.0", "", { "peerDependencies": { "typescript": ">=5.3.3" } }, "sha512-B8/WyjmHpC34vXtAmTpZyPwRCm7WwoSkmjBcBouaaY1uilJ9+Wp2nptbq2cJyWairOoMSoI7v5kvvnrJuquq4Q=="],

    "@solana/rpc-subscriptions": ["@solana/rpc-subscriptions@5.1.0", "", { "dependencies": { "@solana/errors": "5.1.0", "@solana/fast-stable-stringify": "5.1.0", "@solana/functional": "5.1.0", "@solana/promises": "5.1.0", "@solana/rpc-spec-types": "5.1.0", "@solana/rpc-subscriptions-api": "5.1.0", "@solana/rpc-subscriptions-channel-websocket": "5.1.0", "@solana/rpc-subscriptions-spec": "5.1.0", "@solana/rpc-transformers": "5.1.0", "@solana/rpc-types": "5.1.0", "@solana/subscribable": "5.1.0" }, "peerDependencies": { "typescript": ">=5.3.3" } }, "sha512-u/mafVzBbdqvYDD7x/98T5/5xk4Bl2C/90TaHiKx7FmutVC/H4QsritPTY0v9JG1dOVWbgIfUgfZ0C0DPkiYnA=="],

    "@solana/rpc-subscriptions-api": ["@solana/rpc-subscriptions-api@5.1.0", "", { "dependencies": { "@solana/addresses": "5.1.0", "@solana/keys": "5.1.0", "@solana/rpc-subscriptions-spec": "5.1.0", "@solana/rpc-transformers": "5.1.0", "@solana/rpc-types": "5.1.0", "@solana/transaction-messages": "5.1.0", "@solana/transactions": "5.1.0" }, "peerDependencies": { "typescript": ">=5.3.3" } }, "sha512-84e2AsgqAGiVloW3G4RzpHPkInknu3rEuFPut2/69eq3Ab97TiTz2s5kc9gJpprtGM+xbgnIfeuGqr5F+2bXQA=="],

    "@solana/rpc-subscriptions-channel-websocket": ["@solana/rpc-subscriptions-channel-websocket@5.1.0", "", { "dependencies": { "@solana/errors": "5.1.0", "@solana/functional": "5.1.0", "@solana/rpc-subscriptions-spec": "5.1.0", "@solana/subscribable": "5.1.0" }, "peerDependencies": { "typescript": ">=5.3.3", "ws": "^8.18.0" }, "optionalPeers": ["ws"] }, "sha512-FzAEmHzXtlckNn7T/1dzDS7r5HmekYPstrtZKjDcVxuGMVBUkZTnb69t7EJvKNuKw1wYZEUd0EEegtC2K/9dZA=="],

    "@solana/rpc-subscriptions-spec": ["@solana/rpc-subscriptions-spec@5.1.0", "", { "dependencies": { "@solana/errors": "5.1.0", "@solana/promises": "5.1.0", "@solana/rpc-spec-types": "5.1.0", "@solana/subscribable": "5.1.0" }, "peerDependencies": { "typescript": ">=5.3.3" } }, "sha512-ORfjKtainnYisql6z4YsXByVwY8/rWsedVWn5oe/V7Og9LyetTM7hwJ8FbUdRDZwyLlUrI0cEE1aG+3ma/8tPw=="],

    "@solana/rpc-transformers": ["@solana/rpc-transformers@5.1.0", "", { "dependencies": { "@solana/errors": "5.1.0", "@solana/functional": "5.1.0", "@solana/nominal-types": "5.1.0", "@solana/rpc-spec-types": "5.1.0", "@solana/rpc-types": "5.1.0" }, "peerDependencies": { "typescript": ">=5.3.3" } }, "sha512-6v93xi/ewGS/xEiSktNQ0bh0Uiv1/q9nR5oiFMn3BiAJRC+FdMRMxCjp6H+/Tua7wdhpClaPKrZYBQHoIp59tw=="],

    "@solana/rpc-transport-http": ["@solana/rpc-transport-http@5.1.0", "", { "dependencies": { "@solana/errors": "5.1.0", "@solana/rpc-spec": "5.1.0", "@solana/rpc-spec-types": "5.1.0", "undici-types": "^7.16.0" }, "peerDependencies": { "typescript": ">=5.3.3" } }, "sha512-XoGX+2n/iXzoGb3Xrltbx8avnzp15vCfCGXuZpQWFL+xUg3P4CGl217XyDGjS5VxuUml+f/30xzWl18RaAIEcw=="],

    "@solana/rpc-types": ["@solana/rpc-types@5.1.0", "", { "dependencies": { "@solana/addresses": "5.1.0", "@solana/codecs-core": "5.1.0", "@solana/codecs-numbers": "5.1.0", "@solana/codecs-strings": "5.1.0", "@solana/errors": "5.1.0", "@solana/nominal-types": "5.1.0" }, "peerDependencies": { "typescript": ">=5.3.3" } }, "sha512-Rnpt5BuHQvnULPNXUC/yRqB+7iPbon95CSCeyRvPj5tJ4fx2JibvX3s/UEoud5vC+kRjPi/R0BGJ8XFvd3eDWg=="],

    "@solana/signers": ["@solana/signers@5.1.0", "", { "dependencies": { "@solana/addresses": "5.1.0", "@solana/codecs-core": "5.1.0", "@solana/errors": "5.1.0", "@solana/instructions": "5.1.0", "@solana/keys": "5.1.0", "@solana/nominal-types": "5.1.0", "@solana/offchain-messages": "5.1.0", "@solana/transaction-messages": "5.1.0", "@solana/transactions": "5.1.0" }, "peerDependencies": { "typescript": ">=5.3.3" } }, "sha512-B8xO0SGN1ZWYfJROL+da3id279qNbXbXoqud+AuT5gur51RrS4YhNkTQ6khVbGtAOpPMAhkoZN0jnfCC1r33jQ=="],

    "@solana/subscribable": ["@solana/subscribable@5.1.0", "", { "dependencies": { "@solana/errors": "5.1.0" }, "peerDependencies": { "typescript": ">=5.3.3" } }, "sha512-OeW5AJwKzHh18+PIPtghuuPJTmEep2Mhb3Lsrq4alas4fibmMGkr39z1HXxVF6l6e2lu/YGhHIDtuhouWmY7ow=="],

    "@solana/sysvars": ["@solana/sysvars@5.1.0", "", { "dependencies": { "@solana/accounts": "5.1.0", "@solana/codecs": "5.1.0", "@solana/errors": "5.1.0", "@solana/rpc-types": "5.1.0" }, "peerDependencies": { "typescript": ">=5.3.3" } }, "sha512-FJ9YIsLTAaajnOrYEYn54znstXJsvKndRhyCrlyiAEN1IXHw5HtZHploLF3ZZ78b7YU3uv3tFJMziXFBwPOn4Q=="],

    "@solana/transaction-confirmation": ["@solana/transaction-confirmation@5.1.0", "", { "dependencies": { "@solana/addresses": "5.1.0", "@solana/codecs-strings": "5.1.0", "@solana/errors": "5.1.0", "@solana/keys": "5.1.0", "@solana/promises": "5.1.0", "@solana/rpc": "5.1.0", "@solana/rpc-subscriptions": "5.1.0", "@solana/rpc-types": "5.1.0", "@solana/transaction-messages": "5.1.0", "@solana/transactions": "5.1.0" }, "peerDependencies": { "typescript": ">=5.3.3" } }, "sha512-6HnL0uH8tWZXJVuaoeTbCQp/FS11Bsc4GSlq+k0N21GdhTbFuqBhsxlAYWbzPWs9+/kYRGHqqXvBPCReWxT7BA=="],

    "@solana/transaction-messages": ["@solana/transaction-messages@5.1.0", "", { "dependencies": { "@solana/addresses": "5.1.0", "@solana/codecs-core": "5.1.0", "@solana/codecs-data-structures": "5.1.0", "@solana/codecs-numbers": "5.1.0", "@solana/errors": "5.1.0", "@solana/functional": "5.1.0", "@solana/instructions": "5.1.0", "@solana/nominal-types": "5.1.0", "@solana/rpc-types": "5.1.0" }, "peerDependencies": { "typescript": ">=5.3.3" } }, "sha512-9rNV2YJhd85WIMvnwa/vUY4xUw3ZTU17jP1KDo/fFZWk55a0ov0ATJJPyC5HAR1i6hT1cmJzGH/UHhnD9m/Q3w=="],

    "@solana/transactions": ["@solana/transactions@5.1.0", "", { "dependencies": { "@solana/addresses": "5.1.0", "@solana/codecs-core": "5.1.0", "@solana/codecs-data-structures": "5.1.0", "@solana/codecs-numbers": "5.1.0", "@solana/codecs-strings": "5.1.0", "@solana/errors": "5.1.0", "@solana/functional": "5.1.0", "@solana/instructions": "5.1.0", "@solana/keys": "5.1.0", "@solana/nominal-types": "5.1.0", "@solana/rpc-types": "5.1.0", "@solana/transaction-messages": "5.1.0" }, "peerDependencies": { "typescript": ">=5.3.3" } }, "sha512-06JwSPtz+38ozNgpysAXS2eTMPQCufIisXB6K88X8J4GF8ziqs4nkq0BpXAXn+MpZTkuMt+JeW2RxP3HKhXe5g=="],

    "@tsconfig/node10": ["@tsconfig/node10@1.0.12", "", {}, "sha512-UCYBaeFvM11aU2y3YPZ//O5Rhj+xKyzy7mvcIoAjASbigy8mHMryP5cK7dgjlz2hWxh1g5pLw084E0a/wlUSFQ=="],

    "@tsconfig/node12": ["@tsconfig/node12@1.0.11", "", {}, "sha512-cqefuRsh12pWyGsIoBKJA9luFu3mRxCA+ORZvA4ktLSzIuCUtWVxGIuXigEwO5/ywWFMZ2QEGKWvkZG1zDMTag=="],

    "@tsconfig/node14": ["@tsconfig/node14@1.0.3", "", {}, "sha512-ysT8mhdixWK6Hw3i1V2AeRqZ5WfXg1G43mqoYlM2nc6388Fq5jcXyr5mRsqViLx/GJYdoL0bfXD8nmF+Zn/Iow=="],

    "@tsconfig/node16": ["@tsconfig/node16@1.0.4", "", {}, "sha512-vxhUy4J8lyeyinH7Azl1pdd43GJhZH/tP2weN8TntQblOY+A0XbT8DJk1/oCPuOOyg/Ja757rG0CgHcWC8OfMA=="],

    "@types/node": ["@types/node@25.0.3", "", { "dependencies": { "undici-types": "~7.16.0" } }, "sha512-W609buLVRVmeW693xKfzHeIV6nJGGz98uCPfeXI1ELMLXVeKYZ9m15fAMSaUPBHYLGFsVRcMmSCksQOrZV9BYA=="],

    "a-sync-waterfall": ["a-sync-waterfall@1.0.1", "", {}, "sha512-RYTOHHdWipFUliRFMCS4X2Yn2X8M87V/OpSqWzKKOGhzqyUxzyVmhHDH9sAvG+ZuQf/TAOFsLCpMw09I1ufUnA=="],

    "acorn": ["acorn@8.15.0", "", { "bin": { "acorn": "bin/acorn" } }, "sha512-NZyJarBfL7nWwIq+FDL6Zp/yHEhePMNnnJ0y3qfieCrmNvYct8uvtiV41UvlSe6apAfk0fY1FbWx+NwfmpvtTg=="],

    "acorn-walk": ["acorn-walk@8.3.4", "", { "dependencies": { "acorn": "^8.11.0" } }, "sha512-ueEepnujpqee2o5aIYnvHU6C0A42MNdsIDeqy5BydrkuC5R1ZuUFnm27EeFJGoEHJQgn3uleRvmTXaJgfXbt4g=="],

    "arg": ["arg@4.1.3", "", {}, "sha512-58S9QDqG0Xx27YwPSt9fJxivjYl432YCwfDMfZ+71RAqUrZef7LrKQZ3LHLOwCS4FLNBplP533Zx895SeOCHvA=="],

    "asap": ["asap@2.0.6", "", {}, "sha512-BSHWgDSAiKs50o2Re8ppvp3seVHXSRM44cdSsT9FfNEUUZLOGWVCsiWaRPWM1Znn+mqZ1OfVZ3z3DWEzSp7hRA=="],

    "base-x": ["base-x@5.0.1", "", {}, "sha512-M7uio8Zt++eg3jPj+rHMfCC+IuygQHHCOU+IYsVtik6FWjuYpVt/+MRKcgsAMHh8mMFAwnB+Bs+mTrFiXjMzKg=="],

    "bs58": ["bs58@6.0.0", "", { "dependencies": { "base-x": "^5.0.0" } }, "sha512-PD0wEnEYg6ijszw/u8s+iI3H17cTymlrwkKhDhPZq+Sokl3AU4htyBFTjAeNAlCCmg0f53g6ih3jATyCKftTfw=="],

    "call-bind": ["call-bind@1.0.8", "", { "dependencies": { "call-bind-apply-helpers": "^1.0.0", "es-define-property": "^1.0.0", "get-intrinsic": "^1.2.4", "set-function-length": "^1.2.2" } }, "sha512-oKlSFMcMwpUg2ednkhQ454wfWiU/ul3CkJe/PEHcTKuiX6RpbehUiFMXu13HalGZxfUwCQzZG747YXBn1im9ww=="],

    "call-bind-apply-helpers": ["call-bind-apply-helpers@1.0.2", "", { "dependencies": { "es-errors": "^1.3.0", "function-bind": "^1.1.2" } }, "sha512-Sp1ablJ0ivDkSzjcaJdxEunN5/XvksFJ2sMBFfq6x0ryhQV/2b/KwFe21cMpmHtPOSij8K99/wSfoEuTObmuMQ=="],

    "call-bound": ["call-bound@1.0.4", "", { "dependencies": { "call-bind-apply-helpers": "^1.0.2", "get-intrinsic": "^1.3.0" } }, "sha512-+ys997U96po4Kx/ABpBCqhA9EuxJaQWDQg7295H4hBphv3IZg0boBKuwYpt4YXp6MZ5AmZQnU/tyMTlRpaSejg=="],

    "chalk": ["chalk@5.6.2", "", {}, "sha512-7NzBL0rN6fMUW+f7A6Io4h40qQlG+xGmtMxfbnH/K7TAtt8JQWVQK+6g0UXKMeVJoyV5EkkNsErQ8pVD3bLHbA=="],

    "commander": ["commander@14.0.2", "", {}, "sha512-TywoWNNRbhoD0BXs1P3ZEScW8W5iKrnbithIl0YH+uCmBd0QpPOA8yc82DS3BIE5Ma6FnBVUsJ7wVUDz4dvOWQ=="],

    "create-require": ["create-require@1.1.1", "", {}, "sha512-dcKFX3jn0MpIaXjisoRvexIJVEKzaq7z2rZKxf+MSr9TkdmHmsU4m2lcLojrj/FHl8mk5VxMmYA+ftRkP/3oKQ=="],

    "define-data-property": ["define-data-property@1.1.4", "", { "dependencies": { "es-define-property": "^1.0.0", "es-errors": "^1.3.0", "gopd": "^1.0.1" } }, "sha512-rBMvIzlpA8v6E+SJZoo++HAYqsLrkg7MSfIinMPFhmkorw7X+dOXVJQs+QT69zGkzMyfDnIMN2Wid1+NbL3T+A=="],

    "diff": ["diff@4.0.2", "", {}, "sha512-58lmxKSA4BNyLz+HHMUzlOEpg09FV+ev6ZMe3vJihgdxzgcwZ8VoEEPmALCZG9LmqfVoNMMKpttIYTVG6uDY7A=="],

    "dunder-proto": ["dunder-proto@1.0.1", "", { "dependencies": { "call-bind-apply-helpers": "^1.0.1", "es-errors": "^1.3.0", "gopd": "^1.2.0" } }, "sha512-KIN/nDJBQRcXw0MLVhZE9iQHmG68qAVIBg9CqmUYjmQIhgij9U5MFvrqkUL5FbtyyzZuOeOt0zdeRe4UY7ct+A=="],

    "es-define-property": ["es-define-property@1.0.1", "", {}, "sha512-e3nRfgfUZ4rNGL232gUgX06QNyyez04KdjFrF+LTRoOXmrOgFKDg4BCdsjW8EnT69eqdYGmRpJwiPVYNrCaW3g=="],

    "es-errors": ["es-errors@1.3.0", "", {}, "sha512-Zf5H2Kxt2xjTvbJvP2ZWLEICxA6j+hAmMzIlypy4xcBg1vKVnx89Wy0GbS+kf5cwCVFFzdCFh2XSCFNULS6csw=="],

    "es-object-atoms": ["es-object-atoms@1.1.1", "", { "dependencies": { "es-errors": "^1.3.0" } }, "sha512-FGgH2h8zKNim9ljj7dankFPcICIK9Cp5bm+c2gQSYePhpaG5+esrLODihIorn+Pe6FGJzWhXQotPv73jTaldXA=="],

    "esbuild": ["esbuild@0.27.1", "", { "optionalDependencies": { "@esbuild/aix-ppc64": "0.27.1", "@esbuild/android-arm": "0.27.1", "@esbuild/android-arm64": "0.27.1", "@esbuild/android-x64": "0.27.1", "@esbuild/darwin-arm64": "0.27.1", "@esbuild/darwin-x64": "0.27.1", "@esbuild/freebsd-arm64": "0.27.1", "@esbuild/freebsd-x64": "0.27.1", "@esbuild/linux-arm": "0.27.1", "@esbuild/linux-arm64": "0.27.1", "@esbuild/linux-ia32": "0.27.1", "@esbuild/linux-loong64": "0.27.1", "@esbuild/linux-mips64el": "0.27.1", "@esbuild/linux-ppc64": "0.27.1", "@esbuild/linux-riscv64": "0.27.1", "@esbuild/linux-s390x": "0.27.1", "@esbuild/linux-x64": "0.27.1", "@esbuild/netbsd-arm64": "0.27.1", "@esbuild/netbsd-x64": "0.27.1", "@esbuild/openbsd-arm64": "0.27.1", "@esbuild/openbsd-x64": "0.27.1", "@esbuild/openharmony-arm64": "0.27.1", "@esbuild/sunos-x64": "0.27.1", "@esbuild/win32-arm64": "0.27.1", "@esbuild/win32-ia32": "0.27.1", "@esbuild/win32-x64": "0.27.1" }, "bin": { "esbuild": "bin/esbuild" } }, "sha512-yY35KZckJJuVVPXpvjgxiCuVEJT67F6zDeVTv4rizyPrfGBUpZQsvmxnN+C371c2esD/hNMjj4tpBhuueLN7aA=="],

    "fastestsmallesttextencoderdecoder": ["fastestsmallesttextencoderdecoder@1.0.22", "", {}, "sha512-Pb8d48e+oIuY4MaM64Cd7OW1gt4nxCHs7/ddPPZ/Ic3sg8yVGM7O9wDvZ7us6ScaUupzM+pfBolwtYhN1IxBIw=="],

    "fsevents": ["fsevents@2.3.3", "", { "os": "darwin" }, "sha512-5xoDfX+fL7faATnagmWPpbFtwh/R77WmMMqqHGS65C3vvB0YHrgF+B1YmZ3441tMj5n63k0212XNoJwzlhffQw=="],

    "function-bind": ["function-bind@1.1.2", "", {}, "sha512-7XHNxH7qX9xG5mIwxkhumTox/MIRNcOgDrxWsMt2pAr23WHp6MrRlN7FBSFpCpr+oVO0F744iUgR82nJMfG2SA=="],

    "get-intrinsic": ["get-intrinsic@1.3.0", "", { "dependencies": { "call-bind-apply-helpers": "^1.0.2", "es-define-property": "^1.0.1", "es-errors": "^1.3.0", "es-object-atoms": "^1.1.1", "function-bind": "^1.1.2", "get-proto": "^1.0.1", "gopd": "^1.2.0", "has-symbols": "^1.1.0", "hasown": "^2.0.2", "math-intrinsics": "^1.1.0" } }, "sha512-9fSjSaos/fRIVIp+xSJlE6lfwhES7LNtKaCBIamHsjr2na1BiABJPo0mOjjz8GJDURarmCPGqaiVg5mfjb98CQ=="],

    "get-proto": ["get-proto@1.0.1", "", { "dependencies": { "dunder-proto": "^1.0.1", "es-object-atoms": "^1.0.0" } }, "sha512-sTSfBjoXBp89JvIKIefqw7U2CCebsc74kiY6awiGogKtoSGbgjYE/G/+l9sF3MWFPNc9IcoOC4ODfKHfxFmp0g=="],

    "get-tsconfig": ["get-tsconfig@4.13.0", "", { "dependencies": { "resolve-pkg-maps": "^1.0.0" } }, "sha512-1VKTZJCwBrvbd+Wn3AOgQP/2Av+TfTCOlE4AcRJE72W1ksZXbAx8PPBR9RzgTeSPzlPMHrbANMH3LbltH73wxQ=="],

    "gopd": ["gopd@1.2.0", "", {}, "sha512-ZUKRh6/kUFoAiTAtTYPZJ3hw9wNxx+BIBOijnlG9PnrJsCcSjs1wyyD6vJpaYtgnzDrKYRSqf3OO6Rfa93xsRg=="],

    "has-property-descriptors": ["has-property-descriptors@1.0.2", "", { "dependencies": { "es-define-property": "^1.0.0" } }, "sha512-55JNKuIW+vq4Ke1BjOTjM2YctQIvCT7GFzHwmfZPGo5wnrgkid0YQtnAleFSqumZm4az3n2BS+erby5ipJdgrg=="],

    "has-symbols": ["has-symbols@1.1.0", "", {}, "sha512-1cDNdwJ2Jaohmb3sg4OmKaMBwuC48sYni5HUw2DvsC8LjGTLK9h+eb1X6RyuOHe4hT0ULCW68iomhjUoKUqlPQ=="],

    "hasown": ["hasown@2.0.2", "", { "dependencies": { "function-bind": "^1.1.2" } }, "sha512-0hJU9SCPvmMzIBdZFqNPXWa6dqh7WdH0cII9y+CyS8rG3nL48Bclra9HmKhVVUHyPWNH5Y7xDwAB7bfgSjkUMQ=="],

    "isarray": ["isarray@2.0.5", "", {}, "sha512-xHjhDr3cNBK0BzdUJSPXZntQUx/mwMS5Rw4A7lPJ90XGAO6ISP/ePDNuo0vhqOZU+UD5JoodwCAAoZQd3FeAKw=="],

    "json-stable-stringify": ["json-stable-stringify@1.3.0", "", { "dependencies": { "call-bind": "^1.0.8", "call-bound": "^1.0.4", "isarray": "^2.0.5", "jsonify": "^0.0.1", "object-keys": "^1.1.1" } }, "sha512-qtYiSSFlwot9XHtF9bD9c7rwKjr+RecWT//ZnPvSmEjpV5mmPOCN4j8UjY5hbjNkOwZ/jQv3J6R1/pL7RwgMsg=="],

    "jsonify": ["jsonify@0.0.1", "", {}, "sha512-2/Ki0GcmuqSrgFyelQq9M05y7PS0mEwuIzrf3f1fPqkVDVRvZrPZtVSMHxdgo8Aq0sxAOb/cr2aqqA3LeWHVPg=="],

    "make-error": ["make-error@1.3.6", "", {}, "sha512-s8UhlNe7vPKomQhC1qFelMokr/Sc3AgNbso3n74mVPA5LTZwkB9NlXf4XPamLxJE8h0gh73rM94xvwRT2CVInw=="],

    "math-intrinsics": ["math-intrinsics@1.1.0", "", {}, "sha512-/IXtbwEk5HTPyEwyKX6hGkYXxM9nbj64B+ilVJnC/R6B0pH5G4V3b0pVbL7DBj4tkhBAppbQUlf6F6Xl9LHu1g=="],

    "nunjucks": ["nunjucks@3.2.4", "", { "dependencies": { "a-sync-waterfall": "^1.0.0", "asap": "^2.0.3", "commander": "^5.1.0" }, "peerDependencies": { "chokidar": "^3.3.0" }, "optionalPeers": ["chokidar"], "bin": { "nunjucks-precompile": "bin/precompile" } }, "sha512-26XRV6BhkgK0VOxfbU5cQI+ICFUtMLixv1noZn1tGU38kQH5A5nmmbk/O45xdyBhD1esk47nKrY0mvQpZIhRjQ=="],

    "object-keys": ["object-keys@1.1.1", "", {}, "sha512-NuAESUOUMrlIXOfHKzD6bpPu3tYt3xvjNdRIQ+FeT0lNb4K8WR70CaDxhuNguS2XG+GjkyMwOzsN5ZktImfhLA=="],

    "picocolors": ["picocolors@1.1.1", "", {}, "sha512-xceH2snhtb5M9liqDsmEw56le376mTZkEX/jEb/RxNFyegNul7eNslCXP9FDj/Lcu0X8KEyMceP2ntpaHrDEVA=="],

    "prettier": ["prettier@3.7.4", "", { "bin": { "prettier": "bin/prettier.cjs" } }, "sha512-v6UNi1+3hSlVvv8fSaoUbggEM5VErKmmpGA7Pl3HF8V6uKY7rvClBOJlH6yNwQtfTueNkGVpOv/mtWL9L4bgRA=="],

    "resolve-pkg-maps": ["resolve-pkg-maps@1.0.0", "", {}, "sha512-seS2Tj26TBVOC2NIc2rOe2y2ZO7efxITtLZcGSOnHHNOQ7CkiUBfw0Iw2ck6xkIhPwLhKNLS8BO+hEpngQlqzw=="],

    "set-function-length": ["set-function-length@1.2.2", "", { "dependencies": { "define-data-property": "^1.1.4", "es-errors": "^1.3.0", "function-bind": "^1.1.2", "get-intrinsic": "^1.2.4", "gopd": "^1.0.1", "has-property-descriptors": "^1.0.2" } }, "sha512-pgRc4hJ4/sNjWCSS9AmnS40x3bNMDTknHgL5UaMBTMyJnU90EgWh1Rz+MC9eFu4BuN/UwZjKQuY/1v3rM7HMfg=="],

    "ts-node": ["ts-node@10.9.2", "", { "dependencies": { "@cspotcode/source-map-support": "^0.8.0", "@tsconfig/node10": "^1.0.7", "@tsconfig/node12": "^1.0.7", "@tsconfig/node14": "^1.0.0", "@tsconfig/node16": "^1.0.2", "acorn": "^8.4.1", "acorn-walk": "^8.1.1", "arg": "^4.1.0", "create-require": "^1.1.0", "diff": "^4.0.1", "make-error": "^1.1.1", "v8-compile-cache-lib": "^3.0.1", "yn": "3.1.1" }, "peerDependencies": { "@swc/core": ">=1.2.50", "@swc/wasm": ">=1.2.50", "@types/node": "*", "typescript": ">=2.7" }, "optionalPeers": ["@swc/core", "@swc/wasm"], "bin": { "ts-node": "dist/bin.js", "ts-script": "dist/bin-script-deprecated.js", "ts-node-cwd": "dist/bin-cwd.js", "ts-node-esm": "dist/bin-esm.js", "ts-node-script": "dist/bin-script.js", "ts-node-transpile-only": "dist/bin-transpile.js" } }, "sha512-f0FFpIdcHgn8zcPSbf1dRevwt047YMnaiJM3u2w2RewrB+fob/zePZcrOyQoLMMO7aBIddLcQIEK5dYjkLnGrQ=="],

    "tsx": ["tsx@4.21.0", "", { "dependencies": { "esbuild": "~0.27.0", "get-tsconfig": "^4.7.5" }, "optionalDependencies": { "fsevents": "~2.3.3" }, "bin": { "tsx": "dist/cli.mjs" } }, "sha512-5C1sg4USs1lfG0GFb2RLXsdpXqBSEhAaA/0kPL01wxzpMqLILNxIxIOKiILz+cdg/pLnOUxFYOR5yhHU666wbw=="],

    "typescript": ["typescript@5.9.3", "", { "bin": { "tsc": "bin/tsc", "tsserver": "bin/tsserver" } }, "sha512-jl1vZzPDinLr9eUt3J/t7V6FgNEw9QjvBPdysz9KfQDD41fQrC2Y4vKQdiaUpFT4bXlb1RHhLpp8wtm6M5TgSw=="],

    "undici-types": ["undici-types@7.16.0", "", {}, "sha512-Zz+aZWSj8LE6zoxD+xrjh4VfkIG8Ya6LvYkZqtUQGJPZjYl53ypCaUwWqo7eI0x66KBGeRo+mlBEkMSeSZ38Nw=="],

    "v8-compile-cache-lib": ["v8-compile-cache-lib@3.0.1", "", {}, "sha512-wa7YjyUGfNZngI/vtK0UHAN+lgDCxBPCylVXGp0zu59Fz5aiGtNXaq3DhIov063MorB+VfufLh3JlF2KdTK3xg=="],

    "yn": ["yn@3.1.1", "", {}, "sha512-Ux4ygGWsu2c7isFWe8Yu1YluJmqVhxqK2cLXNQA5AcC3QfbGNpM7fu0Y8b/z16pXLnFxZYvWhd3fhBY9DLmC6Q=="],

    "@codama/renderers-core/@codama/errors": ["@codama/errors@1.3.6", "", { "dependencies": { "@codama/node-types": "1.3.6", "commander": "^14.0.1", "picocolors": "^1.1.1" }, "bin": { "errors": "bin/cli.cjs" } }, "sha512-pWP42vregNgFGKY/hF4ifyfSL8FfYNnd0fKXjxP3IUX9HS7+T1CcfgfJ7St9YI6C77LpFPWmx+68Af4DGnAhKA=="],

    "@codama/renderers-core/@codama/nodes": ["@codama/nodes@1.3.6", "", { "dependencies": { "@codama/errors": "1.3.6", "@codama/node-types": "1.3.6" } }, "sha512-6fgnfmx0v5fR153Lkwe4Ghl2ei/7ZEqFfGZxRPzzzYwPAE/Q5Am+xZ0mULDyI1wW37HftCtAkTuXnIv2+6l+SQ=="],

    "@codama/renderers-core/@codama/visitors-core": ["@codama/visitors-core@1.3.6", "", { "dependencies": { "@codama/errors": "1.3.6", "@codama/nodes": "1.3.6", "json-stable-stringify": "^1.3.0" } }, "sha512-qdG27oyCYYG53vD9V/M60/TS6IxlMSf8b/5KLb/UgCykNRFLxXhDZXkwnMKKtF3LgHFxaayb0Zq+W1Z0lmjaig=="],

    "@codama/renderers-js/@codama/errors": ["@codama/errors@1.3.6", "", { "dependencies": { "@codama/node-types": "1.3.6", "commander": "^14.0.1", "picocolors": "^1.1.1" }, "bin": { "errors": "bin/cli.cjs" } }, "sha512-pWP42vregNgFGKY/hF4ifyfSL8FfYNnd0fKXjxP3IUX9HS7+T1CcfgfJ7St9YI6C77LpFPWmx+68Af4DGnAhKA=="],

    "@codama/renderers-js/@codama/nodes": ["@codama/nodes@1.3.6", "", { "dependencies": { "@codama/errors": "1.3.6", "@codama/node-types": "1.3.6" } }, "sha512-6fgnfmx0v5fR153Lkwe4Ghl2ei/7ZEqFfGZxRPzzzYwPAE/Q5Am+xZ0mULDyI1wW37HftCtAkTuXnIv2+6l+SQ=="],

    "@codama/renderers-js/@codama/visitors-core": ["@codama/visitors-core@1.3.6", "", { "dependencies": { "@codama/errors": "1.3.6", "@codama/nodes": "1.3.6", "json-stable-stringify": "^1.3.0" } }, "sha512-qdG27oyCYYG53vD9V/M60/TS6IxlMSf8b/5KLb/UgCykNRFLxXhDZXkwnMKKtF3LgHFxaayb0Zq+W1Z0lmjaig=="],

    "@codama/renderers-js/@solana/codecs-strings": ["@solana/codecs-strings@3.0.3", "", { "dependencies": { "@solana/codecs-core": "3.0.3", "@solana/codecs-numbers": "3.0.3", "@solana/errors": "3.0.3" }, "peerDependencies": { "fastestsmallesttextencoderdecoder": "^1.0.22", "typescript": ">=5.3.3" } }, "sha512-VHBXnnTVtcQ1j+7Vrz+qSYo38no+jiHRdGnhFspRXEHNJbllzwKqgBE7YN3qoIXH+MKxgJUcwO5KHmdzf8Wn2A=="],

    "@codama/renderers-js-umi/@codama/errors": ["@codama/errors@1.3.6", "", { "dependencies": { "@codama/node-types": "1.3.6", "commander": "^14.0.1", "picocolors": "^1.1.1" }, "bin": { "errors": "bin/cli.cjs" } }, "sha512-pWP42vregNgFGKY/hF4ifyfSL8FfYNnd0fKXjxP3IUX9HS7+T1CcfgfJ7St9YI6C77LpFPWmx+68Af4DGnAhKA=="],

    "@codama/renderers-js-umi/@codama/nodes": ["@codama/nodes@1.3.6", "", { "dependencies": { "@codama/errors": "1.3.6", "@codama/node-types": "1.3.6" } }, "sha512-6fgnfmx0v5fR153Lkwe4Ghl2ei/7ZEqFfGZxRPzzzYwPAE/Q5Am+xZ0mULDyI1wW37HftCtAkTuXnIv2+6l+SQ=="],

    "@codama/renderers-js-umi/@codama/visitors-core": ["@codama/visitors-core@1.3.6", "", { "dependencies": { "@codama/errors": "1.3.6", "@codama/nodes": "1.3.6", "json-stable-stringify": "^1.3.0" } }, "sha512-qdG27oyCYYG53vD9V/M60/TS6IxlMSf8b/5KLb/UgCykNRFLxXhDZXkwnMKKtF3LgHFxaayb0Zq+W1Z0lmjaig=="],

    "@codama/renderers-js-umi/@solana/codecs-strings": ["@solana/codecs-strings@3.0.3", "", { "dependencies": { "@solana/codecs-core": "3.0.3", "@solana/codecs-numbers": "3.0.3", "@solana/errors": "3.0.3" }, "peerDependencies": { "fastestsmallesttextencoderdecoder": "^1.0.22", "typescript": ">=5.3.3" } }, "sha512-VHBXnnTVtcQ1j+7Vrz+qSYo38no+jiHRdGnhFspRXEHNJbllzwKqgBE7YN3qoIXH+MKxgJUcwO5KHmdzf8Wn2A=="],

    "@codama/renderers-rust/@codama/errors": ["@codama/errors@1.3.6", "", { "dependencies": { "@codama/node-types": "1.3.6", "commander": "^14.0.1", "picocolors": "^1.1.1" }, "bin": { "errors": "bin/cli.cjs" } }, "sha512-pWP42vregNgFGKY/hF4ifyfSL8FfYNnd0fKXjxP3IUX9HS7+T1CcfgfJ7St9YI6C77LpFPWmx+68Af4DGnAhKA=="],

    "@codama/renderers-rust/@codama/nodes": ["@codama/nodes@1.3.6", "", { "dependencies": { "@codama/errors": "1.3.6", "@codama/node-types": "1.3.6" } }, "sha512-6fgnfmx0v5fR153Lkwe4Ghl2ei/7ZEqFfGZxRPzzzYwPAE/Q5Am+xZ0mULDyI1wW37HftCtAkTuXnIv2+6l+SQ=="],

    "@codama/renderers-rust/@codama/visitors-core": ["@codama/visitors-core@1.3.6", "", { "dependencies": { "@codama/errors": "1.3.6", "@codama/nodes": "1.3.6", "json-stable-stringify": "^1.3.0" } }, "sha512-qdG27oyCYYG53vD9V/M60/TS6IxlMSf8b/5KLb/UgCykNRFLxXhDZXkwnMKKtF3LgHFxaayb0Zq+W1Z0lmjaig=="],

    "@codama/renderers-rust/@solana/codecs-strings": ["@solana/codecs-strings@3.0.3", "", { "dependencies": { "@solana/codecs-core": "3.0.3", "@solana/codecs-numbers": "3.0.3", "@solana/errors": "3.0.3" }, "peerDependencies": { "fastestsmallesttextencoderdecoder": "^1.0.22", "typescript": ">=5.3.3" } }, "sha512-VHBXnnTVtcQ1j+7Vrz+qSYo38no+jiHRdGnhFspRXEHNJbllzwKqgBE7YN3qoIXH+MKxgJUcwO5KHmdzf8Wn2A=="],

    "@codama/validators/@codama/errors": ["@codama/errors@1.3.6", "", { "dependencies": { "@codama/node-types": "1.3.6", "commander": "^14.0.1", "picocolors": "^1.1.1" }, "bin": { "errors": "bin/cli.cjs" } }, "sha512-pWP42vregNgFGKY/hF4ifyfSL8FfYNnd0fKXjxP3IUX9HS7+T1CcfgfJ7St9YI6C77LpFPWmx+68Af4DGnAhKA=="],

    "@codama/validators/@codama/nodes": ["@codama/nodes@1.3.6", "", { "dependencies": { "@codama/errors": "1.3.6", "@codama/node-types": "1.3.6" } }, "sha512-6fgnfmx0v5fR153Lkwe4Ghl2ei/7ZEqFfGZxRPzzzYwPAE/Q5Am+xZ0mULDyI1wW37HftCtAkTuXnIv2+6l+SQ=="],

    "@codama/validators/@codama/visitors-core": ["@codama/visitors-core@1.3.6", "", { "dependencies": { "@codama/errors": "1.3.6", "@codama/nodes": "1.3.6", "json-stable-stringify": "^1.3.0" } }, "sha512-qdG27oyCYYG53vD9V/M60/TS6IxlMSf8b/5KLb/UgCykNRFLxXhDZXkwnMKKtF3LgHFxaayb0Zq+W1Z0lmjaig=="],

    "nunjucks/commander": ["commander@5.1.0", "", {}, "sha512-P0CysNDQ7rtVw4QIQtm+MRxV66vKFSvlsQvGYXZWR3qFU0jlMKHZZZgw8e+8DSah4UDKMqnknRDQz+xuQXQ/Zg=="],

    "@codama/renderers-core/@codama/errors/@codama/node-types": ["@codama/node-types@1.3.6", "", {}, "sha512-n9BpPh/Kl6Z6Bbt1MtsKykAtdPKljoBm4T8ea1IL9ABdFs+wnvgZBxnIAhgM0hC82AtvQPNGezXzLTER1JZpyg=="],

    "@codama/renderers-core/@codama/nodes/@codama/node-types": ["@codama/node-types@1.3.6", "", {}, "sha512-n9BpPh/Kl6Z6Bbt1MtsKykAtdPKljoBm4T8ea1IL9ABdFs+wnvgZBxnIAhgM0hC82AtvQPNGezXzLTER1JZpyg=="],

    "@codama/renderers-js-umi/@codama/errors/@codama/node-types": ["@codama/node-types@1.3.6", "", {}, "sha512-n9BpPh/Kl6Z6Bbt1MtsKykAtdPKljoBm4T8ea1IL9ABdFs+wnvgZBxnIAhgM0hC82AtvQPNGezXzLTER1JZpyg=="],

    "@codama/renderers-js-umi/@codama/nodes/@codama/node-types": ["@codama/node-types@1.3.6", "", {}, "sha512-n9BpPh/Kl6Z6Bbt1MtsKykAtdPKljoBm4T8ea1IL9ABdFs+wnvgZBxnIAhgM0hC82AtvQPNGezXzLTER1JZpyg=="],

    "@codama/renderers-js-umi/@solana/codecs-strings/@solana/codecs-core": ["@solana/codecs-core@3.0.3", "", { "dependencies": { "@solana/errors": "3.0.3" }, "peerDependencies": { "typescript": ">=5.3.3" } }, "sha512-emKykJ3h1DmnDOY29Uv9eJXP8E/FHzvlUBJ6te+5EbKdFjj7vdlKYPfDxOI6iGdXTY+YC/ELtbNBh6QwF2uEDQ=="],

    "@codama/renderers-js-umi/@solana/codecs-strings/@solana/codecs-numbers": ["@solana/codecs-numbers@3.0.3", "", { "dependencies": { "@solana/codecs-core": "3.0.3", "@solana/errors": "3.0.3" }, "peerDependencies": { "typescript": ">=5.3.3" } }, "sha512-pfXkH9J0glrM8qj6389GAn30+cJOxzXLR2FsPOHCUMXrqLhGjMMZAWhsQkpOQ37SGc/7EiQsT/gmyGC7gxHqJQ=="],

    "@codama/renderers-js-umi/@solana/codecs-strings/@solana/errors": ["@solana/errors@3.0.3", "", { "dependencies": { "chalk": "5.6.2", "commander": "14.0.0" }, "peerDependencies": { "typescript": ">=5.3.3" }, "bin": { "errors": "bin/cli.mjs" } }, "sha512-1l84xJlHNva6io62PcYfUamwWlc0eM95nHgCrKX0g0cLoC6D6QHYPCEbEVkR+C5UtP9JDgyQM8MFiv+Ei5tO9Q=="],

    "@codama/renderers-js/@codama/errors/@codama/node-types": ["@codama/node-types@1.3.6", "", {}, "sha512-n9BpPh/Kl6Z6Bbt1MtsKykAtdPKljoBm4T8ea1IL9ABdFs+wnvgZBxnIAhgM0hC82AtvQPNGezXzLTER1JZpyg=="],

    "@codama/renderers-js/@codama/nodes/@codama/node-types": ["@codama/node-types@1.3.6", "", {}, "sha512-n9BpPh/Kl6Z6Bbt1MtsKykAtdPKljoBm4T8ea1IL9ABdFs+wnvgZBxnIAhgM0hC82AtvQPNGezXzLTER1JZpyg=="],

    "@codama/renderers-js/@solana/codecs-strings/@solana/codecs-core": ["@solana/codecs-core@3.0.3", "", { "dependencies": { "@solana/errors": "3.0.3" }, "peerDependencies": { "typescript": ">=5.3.3" } }, "sha512-emKykJ3h1DmnDOY29Uv9eJXP8E/FHzvlUBJ6te+5EbKdFjj7vdlKYPfDxOI6iGdXTY+YC/ELtbNBh6QwF2uEDQ=="],

    "@codama/renderers-js/@solana/codecs-strings/@solana/codecs-numbers": ["@solana/codecs-numbers@3.0.3", "", { "dependencies": { "@solana/codecs-core": "3.0.3", "@solana/errors": "3.0.3" }, "peerDependencies": { "typescript": ">=5.3.3" } }, "sha512-pfXkH9J0glrM8qj6389GAn30+cJOxzXLR2FsPOHCUMXrqLhGjMMZAWhsQkpOQ37SGc/7EiQsT/gmyGC7gxHqJQ=="],

    "@codama/renderers-js/@solana/codecs-strings/@solana/errors": ["@solana/errors@3.0.3", "", { "dependencies": { "chalk": "5.6.2", "commander": "14.0.0" }, "peerDependencies": { "typescript": ">=5.3.3" }, "bin": { "errors": "bin/cli.mjs" } }, "sha512-1l84xJlHNva6io62PcYfUamwWlc0eM95nHgCrKX0g0cLoC6D6QHYPCEbEVkR+C5UtP9JDgyQM8MFiv+Ei5tO9Q=="],

    "@codama/renderers-rust/@codama/errors/@codama/node-types": ["@codama/node-types@1.3.6", "", {}, "sha512-n9BpPh/Kl6Z6Bbt1MtsKykAtdPKljoBm4T8ea1IL9ABdFs+wnvgZBxnIAhgM0hC82AtvQPNGezXzLTER1JZpyg=="],

    "@codama/renderers-rust/@codama/nodes/@codama/node-types": ["@codama/node-types@1.3.6", "", {}, "sha512-n9BpPh/Kl6Z6Bbt1MtsKykAtdPKljoBm4T8ea1IL9ABdFs+wnvgZBxnIAhgM0hC82AtvQPNGezXzLTER1JZpyg=="],

    "@codama/renderers-rust/@solana/codecs-strings/@solana/codecs-core": ["@solana/codecs-core@3.0.3", "", { "dependencies": { "@solana/errors": "3.0.3" }, "peerDependencies": { "typescript": ">=5.3.3" } }, "sha512-emKykJ3h1DmnDOY29Uv9eJXP8E/FHzvlUBJ6te+5EbKdFjj7vdlKYPfDxOI6iGdXTY+YC/ELtbNBh6QwF2uEDQ=="],

    "@codama/renderers-rust/@solana/codecs-strings/@solana/codecs-numbers": ["@solana/codecs-numbers@3.0.3", "", { "dependencies": { "@solana/codecs-core": "3.0.3", "@solana/errors": "3.0.3" }, "peerDependencies": { "typescript": ">=5.3.3" } }, "sha512-pfXkH9J0glrM8qj6389GAn30+cJOxzXLR2FsPOHCUMXrqLhGjMMZAWhsQkpOQ37SGc/7EiQsT/gmyGC7gxHqJQ=="],

    "@codama/renderers-rust/@solana/codecs-strings/@solana/errors": ["@solana/errors@3.0.3", "", { "dependencies": { "chalk": "5.6.2", "commander": "14.0.0" }, "peerDependencies": { "typescript": ">=5.3.3" }, "bin": { "errors": "bin/cli.mjs" } }, "sha512-1l84xJlHNva6io62PcYfUamwWlc0eM95nHgCrKX0g0cLoC6D6QHYPCEbEVkR+C5UtP9JDgyQM8MFiv+Ei5tO9Q=="],

    "@codama/validators/@codama/errors/@codama/node-types": ["@codama/node-types@1.3.6", "", {}, "sha512-n9BpPh/Kl6Z6Bbt1MtsKykAtdPKljoBm4T8ea1IL9ABdFs+wnvgZBxnIAhgM0hC82AtvQPNGezXzLTER1JZpyg=="],

    "@codama/validators/@codama/nodes/@codama/node-types": ["@codama/node-types@1.3.6", "", {}, "sha512-n9BpPh/Kl6Z6Bbt1MtsKykAtdPKljoBm4T8ea1IL9ABdFs+wnvgZBxnIAhgM0hC82AtvQPNGezXzLTER1JZpyg=="],

    "@codama/renderers-js-umi/@solana/codecs-strings/@solana/errors/commander": ["commander@14.0.0", "", {}, "sha512-2uM9rYjPvyq39NwLRqaiLtWHyDC1FvryJDa2ATTVims5YAS4PupsEQsDvP14FqhFr0P49CYDugi59xaxJlTXRA=="],

    "@codama/renderers-js/@solana/codecs-strings/@solana/errors/commander": ["commander@14.0.0", "", {}, "sha512-2uM9rYjPvyq39NwLRqaiLtWHyDC1FvryJDa2ATTVims5YAS4PupsEQsDvP14FqhFr0P49CYDugi59xaxJlTXRA=="],

    "@codama/renderers-rust/@solana/codecs-strings/@solana/errors/commander": ["commander@14.0.0", "", {}, "sha512-2uM9rYjPvyq39NwLRqaiLtWHyDC1FvryJDa2ATTVims5YAS4PupsEQsDvP14FqhFr0P49CYDugi59xaxJlTXRA=="],
  }
}
